// !$*UTF8*$!
{
	archiveVersion = 1;
	classes = {
	};
	objectVersion = 46;
	objects = {

/* Begin PBXBuildFile section */
		861222861F6DCD1600AF35FE /* AppDelegate.swift in Sources */ = {isa = PBXBuildFile; fileRef = 861222851F6DCD1600AF35FE /* AppDelegate.swift */; };
		861222881F6DCD1600AF35FE /* ViewController.swift in Sources */ = {isa = PBXBuildFile; fileRef = 861222871F6DCD1600AF35FE /* ViewController.swift */; };
		8612228B1F6DCD1600AF35FE /* Main.storyboard in Resources */ = {isa = PBXBuildFile; fileRef = 861222891F6DCD1600AF35FE /* Main.storyboard */; };
		8612228D1F6DCD1600AF35FE /* Assets.xcassets in Resources */ = {isa = PBXBuildFile; fileRef = 8612228C1F6DCD1600AF35FE /* Assets.xcassets */; };
		861222901F6DCD1600AF35FE /* LaunchScreen.storyboard in Resources */ = {isa = PBXBuildFile; fileRef = 8612228E1F6DCD1600AF35FE /* LaunchScreen.storyboard */; };
/* End PBXBuildFile section */

/* Begin PBXFileReference section */
		861222821F6DCD1600AF35FE /* VK2.app */ = {isa = PBXFileReference; explicitFileType = wrapper.application; includeInIndex = 0; path = VK2.app; sourceTree = BUILT_PRODUCTS_DIR; };
		861222851F6DCD1600AF35FE /* AppDelegate.swift */ = {isa = PBXFileReference; lastKnownFileType = sourcecode.swift; path = AppDelegate.swift; sourceTree = "<group>"; };
		861222871F6DCD1600AF35FE /* ViewController.swift */ = {isa = PBXFileReference; lastKnownFileType = sourcecode.swift; path = ViewController.swift; sourceTree = "<group>"; };
		8612228A1F6DCD1600AF35FE /* Base */ = {isa = PBXFileReference; lastKnownFileType = file.storyboard; name = Base; path = Base.lproj/Main.storyboard; sourceTree = "<group>"; };
		8612228C1F6DCD1600AF35FE /* Assets.xcassets */ = {isa = PBXFileReference; lastKnownFileType = folder.assetcatalog; path = Assets.xcassets; sourceTree = "<group>"; };
		8612228F1F6DCD1600AF35FE /* Base */ = {isa = PBXFileReference; lastKnownFileType = file.storyboard; name = Base; path = Base.lproj/LaunchScreen.storyboard; sourceTree = "<group>"; };
		861222911F6DCD1600AF35FE /* Info.plist */ = {isa = PBXFileReference; lastKnownFileType = text.plist.xml; path = Info.plist; sourceTree = "<group>"; };
/* End PBXFileReference section */

/* Begin PBXFrameworksBuildPhase section */
		8612227F1F6DCD1600AF35FE /* Frameworks */ = {
			isa = PBXFrameworksBuildPhase;
			buildActionMask = 2147483647;
			files = (
			);
			runOnlyForDeploymentPostprocessing = 0;
		};
/* End PBXFrameworksBuildPhase section */

/* Begin PBXGroup section */
		861222791F6DCD1600AF35FE = {
			isa = PBXGroup;
			children = (
				861222841F6DCD1600AF35FE /* VK2 */,
				861222831F6DCD1600AF35FE /* Products */,
			);
			sourceTree = "<group>";
		};
		861222831F6DCD1600AF35FE /* Products */ = {
			isa = PBXGroup;
			children = (
				861222821F6DCD1600AF35FE /* VK2.app */,
			);
			name = Products;
			sourceTree = "<group>";
		};
		861222841F6DCD1600AF35FE /* VK2 */ = {
			isa = PBXGroup;
			children = (
				861222851F6DCD1600AF35FE /* AppDelegate.swift */,
				861222871F6DCD1600AF35FE /* ViewController.swift */,
				861222891F6DCD1600AF35FE /* Main.storyboard */,
				8612228C1F6DCD1600AF35FE /* Assets.xcassets */,
				8612228E1F6DCD1600AF35FE /* LaunchScreen.storyboard */,
				861222911F6DCD1600AF35FE /* Info.plist */,
			);
			path = VK2;
			sourceTree = "<group>";
		};
/* End PBXGroup section */

/* Begin PBXNativeTarget section */
		861222811F6DCD1600AF35FE /* VK2 */ = {
			isa = PBXNativeTarget;
			buildConfigurationList = 861222941F6DCD1600AF35FE /* Build configuration list for PBXNativeTarget "VK2" */;
			buildPhases = (
				8612227E1F6DCD1600AF35FE /* Sources */,
				8612227F1F6DCD1600AF35FE /* Frameworks */,
				861222801F6DCD1600AF35FE /* Resources */,
			);
			buildRules = (
			);
			dependencies = (
			);
			name = VK2;
			productName = VK2;
			productReference = 861222821F6DCD1600AF35FE /* VK2.app */;
			productType = "com.apple.product-type.application";
		};
/* End PBXNativeTarget section */

/* Begin PBXProject section */
		8612227A1F6DCD1600AF35FE /* Project object */ = {
			isa = PBXProject;
			attributes = {
				LastSwiftUpdateCheck = 0830;
				LastUpgradeCheck = 0830;
				ORGANIZATIONNAME = ru.itisIosLab;
				TargetAttributes = {
					861222811F6DCD1600AF35FE = {
						CreatedOnToolsVersion = 8.3.3;
						ProvisioningStyle = Automatic;
					};
				};
			};
			buildConfigurationList = 8612227D1F6DCD1600AF35FE /* Build configuration list for PBXProject "VK2" */;
			compatibilityVersion = "Xcode 3.2";
			developmentRegion = English;
			hasScannedForEncodings = 0;
			knownRegions = (
				en,
				Base,
			);
			mainGroup = 861222791F6DCD1600AF35FE;
			productRefGroup = 861222831F6DCD1600AF35FE /* Products */;
			projectDirPath = "";
			projectRoot = "";
			targets = (
				861222811F6DCD1600AF35FE /* VK2 */,
			);
		};
/* End PBXProject section */

/* Begin PBXResourcesBuildPhase section */
		861222801F6DCD1600AF35FE /* Resources */ = {
			isa = PBXResourcesBuildPhase;
			buildActionMask = 2147483647;
			files = (
				861222901F6DCD1600AF35FE /* LaunchScreen.storyboard in Resources */,
				8612228D1F6DCD1600AF35FE /* Assets.xcassets in Resources */,
				8612228B1F6DCD1600AF35FE /* Main.storyboard in Resources */,
			);
			runOnlyForDeploymentPostprocessing = 0;
		};
/* End PBXResourcesBuildPhase section */

/* Begin PBXSourcesBuildPhase section */
		8612227E1F6DCD1600AF35FE /* Sources */ = {
			isa = PBXSourcesBuildPhase;
			buildActionMask = 2147483647;
			files = (
				861222881F6DCD1600AF35FE /* ViewController.swift in Sources */,
				861222861F6DCD1600AF35FE /* AppDelegate.swift in Sources */,
			);
			runOnlyForDeploymentPostprocessing = 0;
		};
/* End PBXSourcesBuildPhase section */

/* Begin PBXVariantGroup section */
		861222891F6DCD1600AF35FE /* Main.storyboard */ = {
			isa = PBXVariantGroup;
			children = (
				8612228A1F6DCD1600AF35FE /* Base */,
			);
			name = Main.storyboard;
			sourceTree = "<group>";
		};
		8612228E1F6DCD1600AF35FE /* LaunchScreen.storyboard */ = {
			isa = PBXVariantGroup;
			children = (
				8612228F1F6DCD1600AF35FE /* Base */,
			);
			name = LaunchScreen.storyboard;
			sourceTree = "<group>";
		};
/* End PBXVariantGroup section */

/* Begin XCBuildConfiguration section */
		861222921F6DCD1600AF35FE /* Debug */ = {
			isa = XCBuildConfiguration;
			buildSettings = {
				ALWAYS_SEARCH_USER_PATHS = NO;
				CLANG_ANALYZER_NONNULL = YES;
				CLANG_ANALYZER_NUMBER_OBJECT_CONVERSION = YES_AGGRESSIVE;
				CLANG_CXX_LANGUAGE_STANDARD = "gnu++0x";
				CLANG_CXX_LIBRARY = "libc++";
				CLANG_ENABLE_MODULES = YES;
				CLANG_ENABLE_OBJC_ARC = YES;
				CLANG_WARN_BOOL_CONVERSION = YES;
				CLANG_WARN_CONSTANT_CONVERSION = YES;
				CLANG_WARN_DIRECT_OBJC_ISA_USAGE = YES_ERROR;
				CLANG_WARN_DOCUMENTATION_COMMENTS = YES;
				CLANG_WARN_EMPTY_BODY = YES;
				CLANG_WARN_ENUM_CONVERSION = YES;
				CLANG_WARN_INFINITE_RECURSION = YES;
				CLANG_WARN_INT_CONVERSION = YES;
				CLANG_WARN_OBJC_ROOT_CLASS = YES_ERROR;
				CLANG_WARN_SUSPICIOUS_MOVE = YES;
				CLANG_WARN_UNREACHABLE_CODE = YES;
				CLANG_WARN__DUPLICATE_METHOD_MATCH = YES;
				"CODE_SIGN_IDENTITY[sdk=iphoneos*]" = "iPhone Developer";
				COPY_PHASE_STRIP = NO;
				DEBUG_INFORMATION_FORMAT = dwarf;
				ENABLE_STRICT_OBJC_MSGSEND = YES;
				ENABLE_TESTABILITY = YES;
				GCC_C_LANGUAGE_STANDARD = gnu99;
				GCC_DYNAMIC_NO_PIC = NO;
				GCC_NO_COMMON_BLOCKS = YES;
				GCC_OPTIMIZATION_LEVEL = 0;
				GCC_PREPROCESSOR_DEFINITIONS = (
					"DEBUG=1",
					"$(inherited)",
				);
				GCC_WARN_64_TO_32_BIT_CONVERSION = YES;
				GCC_WARN_ABOUT_RETURN_TYPE = YES_ERROR;
				GCC_WARN_UNDECLARED_SELECTOR = YES;
				GCC_WARN_UNINITIALIZED_AUTOS = YES_AGGRESSIVE;
				GCC_WARN_UNUSED_FUNCTION = YES;
				GCC_WARN_UNUSED_VARIABLE = YES;
				IPHONEOS_DEPLOYMENT_TARGET = 10.3;
				MTL_ENABLE_DEBUG_INFO = YES;
				ONLY_ACTIVE_ARCH = YES;
				SDKROOT = iphoneos;
				SWIFT_ACTIVE_COMPILATION_CONDITIONS = DEBUG;
				SWIFT_OPTIMIZATION_LEVEL = "-Onone";
				TARGETED_DEVICE_FAMILY = "1,2";
			};
			name = Debug;
		};
		861222931F6DCD1600AF35FE /* Release */ = {
			isa = XCBuildConfiguration;
			buildSettings = {
				ALWAYS_SEARCH_USER_PATHS = NO;
				CLANG_ANALYZER_NONNULL = YES;
				CLANG_ANALYZER_NUMBER_OBJECT_CONVERSION = YES_AGGRESSIVE;
				CLANG_CXX_LANGUAGE_STANDARD = "gnu++0x";
				CLANG_CXX_LIBRARY = "libc++";
				CLANG_ENABLE_MODULES = YES;
				CLANG_ENABLE_OBJC_ARC = YES;
				CLANG_WARN_BOOL_CONVERSION = YES;
				CLANG_WARN_CONSTANT_CONVERSION = YES;
				CLANG_WARN_DIRECT_OBJC_ISA_USAGE = YES_ERROR;
				CLANG_WARN_DOCUMENTATION_COMMENTS = YES;
				CLANG_WARN_EMPTY_BODY = YES;
				CLANG_WARN_ENUM_CONVERSION = YES;
				CLANG_WARN_INFINITE_RECURSION = YES;
				CLANG_WARN_INT_CONVERSION = YES;
				CLANG_WARN_OBJC_ROOT_CLASS = YES_ERROR;
				CLANG_WARN_SUSPICIOUS_MOVE = YES;
				CLANG_WARN_UNREACHABLE_CODE = YES;
				CLANG_WARN__DUPLICATE_METHOD_MATCH = YES;
				"CODE_SIGN_IDENTITY[sdk=iphoneos*]" = "iPhone Developer";
				COPY_PHASE_STRIP = NO;
				DEBUG_INFORMATION_FORMAT = "dwarf-with-dsym";
				ENABLE_NS_ASSERTIONS = NO;
				ENABLE_STRICT_OBJC_MSGSEND = YES;
				GCC_C_LANGUAGE_STANDARD = gnu99;
				GCC_NO_COMMON_BLOCKS = YES;
				GCC_WARN_64_TO_32_BIT_CONVERSION = YES;
				GCC_WARN_ABOUT_RETURN_TYPE = YES_ERROR;
				GCC_WARN_UNDECLARED_SELECTOR = YES;
				GCC_WARN_UNINITIALIZED_AUTOS = YES_AGGRESSIVE;
				GCC_WARN_UNUSED_FUNCTION = YES;
				GCC_WARN_UNUSED_VARIABLE = YES;
				IPHONEOS_DEPLOYMENT_TARGET = 10.3;
				MTL_ENABLE_DEBUG_INFO = NO;
				SDKROOT = iphoneos;
				SWIFT_OPTIMIZATION_LEVEL = "-Owholemodule";
				TARGETED_DEVICE_FAMILY = "1,2";
				VALIDATE_PRODUCT = YES;
			};
			name = Release;
		};
		861222951F6DCD1600AF35FE /* Debug */ = {
			isa = XCBuildConfiguration;
			buildSettings = {
				ASSETCATALOG_COMPILER_APPICON_NAME = AppIcon;
				INFOPLIST_FILE = VK2/Info.plist;
				LD_RUNPATH_SEARCH_PATHS = "$(inherited) @executable_path/Frameworks";
				PRODUCT_BUNDLE_IDENTIFIER = ru.itisIosLab.VK2;
				PRODUCT_NAME = "$(TARGET_NAME)";
				SWIFT_VERSION = 3.0;
			};
			name = Debug;
		};
		861222961F6DCD1600AF35FE /* Release */ = {
			isa = XCBuildConfiguration;
			buildSettings = {
				ASSETCATALOG_COMPILER_APPICON_NAME = AppIcon;
				INFOPLIST_FILE = VK2/Info.plist;
				LD_RUNPATH_SEARCH_PATHS = "$(inherited) @executable_path/Frameworks";
				PRODUCT_BUNDLE_IDENTIFIER = ru.itisIosLab.VK2;
				PRODUCT_NAME = "$(TARGET_NAME)";
				SWIFT_VERSION = 3.0;
			};
			name = Release;
		};
/* End XCBuildConfiguration section */

/* Begin XCConfigurationList section */
		8612227D1F6DCD1600AF35FE /* Build configuration list for PBXProject "VK2" */ = {
			isa = XCConfigurationList;
			buildConfigurations = (
				861222921F6DCD1600AF35FE /* Debug */,
				861222931F6DCD1600AF35FE /* Release */,
			);
			defaultConfigurationIsVisible = 0;
			defaultConfigurationName = Release;
		};
		861222941F6DCD1600AF35FE /* Build configuration list for PBXNativeTarget "VK2" */ = {
			isa = XCConfigurationList;
			buildConfigurations = (
				861222951F6DCD1600AF35FE /* Debug */,
				861222961F6DCD1600AF35FE /* Release */,
			);
			defaultConfigurationIsVisible = 0;
		};
/* End XCConfigurationList section */
	};
	rootObject = 8612227A1F6DCD1600AF35FE /* Project object */;
}
